
Microsoft Visual Studio Solution File, Format Version 12.00
# Visual Studio Version 17
VisualStudioVersion = 17.2.32630.192
MinimumVisualStudioVersion = 10.0.40219.1
Project("{9A19103F-16F7-4668-BE54-9A1E7A4F7556}") = "DesafioCase", "DesafioCase.csproj", "{6918518C-68C9-49B1-B40A-60EC016FE5A4}"
EndProject
Project("{FAE04EC0-301F-11D3-BF4B-00C04F79EFBC}") = "DesafioCase-Teste", "..\DesafioCase-Teste\DesafioCase-Teste.csproj", "{741D06BE-0B6C-4385-876F-072A9A1AE402}"
EndProject
Global
	GlobalSection(SolutionConfigurationPlatforms) = preSolution
		Debug|Any CPU = Debug|Any CPU
		Release|Any CPU = Release|Any CPU
	EndGlobalSection
	GlobalSection(ProjectConfigurationPlatforms) = postSolution
		{6918518C-68C9-49B1-B40A-60EC016FE5A4}.Debug|Any CPU.ActiveCfg = Debug|Any CPU
		{6918518C-68C9-49B1-B40A-60EC016FE5A4}.Debug|Any CPU.Build.0 = Debug|Any CPU
		{6918518C-68C9-49B1-B40A-60EC016FE5A4}.Release|Any CPU.ActiveCfg = Release|Any CPU
		{6918518C-68C9-49B1-B40A-60EC016FE5A4}.Release|Any CPU.Build.0 = Release|Any CPU
		{741D06BE-0B6C-4385-876F-072A9A1AE402}.Debug|Any CPU.ActiveCfg = Debug|Any CPU
		{741D06BE-0B6C-4385-876F-072A9A1AE402}.Debug|Any CPU.Build.0 = Debug|Any CPU
		{741D06BE-0B6C-4385-876F-072A9A1AE402}.Release|Any CPU.ActiveCfg = Release|Any CPU
		{741D06BE-0B6C-4385-876F-072A9A1AE402}.Release|Any CPU.Build.0 = Release|Any CPU
	EndGlobalSection
	GlobalSection(SolutionProperties) = preSolution
		HideSolutionNode = FALSE
	EndGlobalSection
	GlobalSection(ExtensibilityGlobals) = postSolution
		SolutionGuid = {5538B16D-DDEB-427D-AB1F-28B01A2E976B}
	EndGlobalSection
EndGlobal
